
Microsoft Visual Studio Solution File, Format Version 12.00
# Visual Studio Version 17
VisualStudioVersion = 17.7.34221.43
MinimumVisualStudioVersion = 10.0.40219.1
Project("{FAE04EC0-301F-11D3-BF4B-00C04F79EFBC}") = "AnimatedMoveExample", "AnimatedMoveExample.csproj", "{F7685B13-B5D4-4567-B8EE-FBB1EE4ABD9A}"
EndProject
Global
	GlobalSection(SolutionConfigurationPlatforms) = preSolution
		Debug|Any CPU = Debug|Any CPU
		Release|Any CPU = Release|Any CPU
	EndGlobalSection
	GlobalSection(ProjectConfigurationPlatforms) = postSolution
		{F7685B13-B5D4-4567-B8EE-FBB1EE4ABD9A}.Debug|Any CPU.ActiveCfg = Debug|Any CPU
		{F7685B13-B5D4-4567-B8EE-FBB1EE4ABD9A}.Debug|Any CPU.Build.0 = Debug|Any CPU
		{F7685B13-B5D4-4567-B8EE-FBB1EE4ABD9A}.Release|Any CPU.ActiveCfg = Release|Any CPU
		{F7685B13-B5D4-4567-B8EE-FBB1EE4ABD9A}.Release|Any CPU.Build.0 = Release|Any CPU
	EndGlobalSection
	GlobalSection(SolutionProperties) = preSolution
		HideSolutionNode = FALSE
	EndGlobalSection
	GlobalSection(ExtensibilityGlobals) = postSolution
		SolutionGuid = {516FC18A-F9AB-4A26-9096-65E754374432}
	EndGlobalSection
EndGlobal
